// !$*UTF8*$!
{
	archiveVersion = 1;
	classes = {
	};
	objectVersion = 56;
	objects = {

/* Begin PBXBuildFile section */
		A007FD162C7DB76C007A0A1F /* reservationApp.swift in Sources */ = {isa = PBXBuildFile; fileRef = A007FD152C7DB76C007A0A1F /* reservationApp.swift */; };
		A007FD182C7DB76C007A0A1F /* ContentView.swift in Sources */ = {isa = PBXBuildFile; fileRef = A007FD172C7DB76C007A0A1F /* ContentView.swift */; };
		A007FD1A2C7DB76D007A0A1F /* Assets.xcassets in Resources */ = {isa = PBXBuildFile; fileRef = A007FD192C7DB76D007A0A1F /* Assets.xcassets */; };
		A007FD1D2C7DB76D007A0A1F /* Preview Assets.xcassets in Resources */ = {isa = PBXBuildFile; fileRef = A007FD1C2C7DB76D007A0A1F /* Preview Assets.xcassets */; };
		A007FD242C7DB7A6007A0A1F /* Recipe.swift in Sources */ = {isa = PBXBuildFile; fileRef = A007FD232C7DB7A6007A0A1F /* Recipe.swift */; };
		A007FD2C2C7DB873007A0A1F /* reservationTests.swift in Sources */ = {isa = PBXBuildFile; fileRef = A007FD2B2C7DB873007A0A1F /* reservationTests.swift */; };
/* End PBXBuildFile section */

/* Begin PBXContainerItemProxy section */
		A007FD2D2C7DB873007A0A1F /* PBXContainerItemProxy */ = {
			isa = PBXContainerItemProxy;
			containerPortal = A007FD0A2C7DB76B007A0A1F /* Project object */;
			proxyType = 1;
			remoteGlobalIDString = A007FD112C7DB76B007A0A1F;
			remoteInfo = reservation;
		};
/* End PBXContainerItemProxy section */

/* Begin PBXFileReference section */
		A007FD122C7DB76B007A0A1F /* reservation.app */ = {isa = PBXFileReference; explicitFileType = wrapper.application; includeInIndex = 0; path = reservation.app; sourceTree = BUILT_PRODUCTS_DIR; };
		A007FD152C7DB76C007A0A1F /* reservationApp.swift */ = {isa = PBXFileReference; lastKnownFileType = sourcecode.swift; path = reservationApp.swift; sourceTree = "<group>"; };
		A007FD172C7DB76C007A0A1F /* ContentView.swift */ = {isa = PBXFileReference; lastKnownFileType = sourcecode.swift; path = ContentView.swift; sourceTree = "<group>"; };
		A007FD192C7DB76D007A0A1F /* Assets.xcassets */ = {isa = PBXFileReference; lastKnownFileType = folder.assetcatalog; path = Assets.xcassets; sourceTree = "<group>"; };
		A007FD1C2C7DB76D007A0A1F /* Preview Assets.xcassets */ = {isa = PBXFileReference; lastKnownFileType = folder.assetcatalog; path = "Preview Assets.xcassets"; sourceTree = "<group>"; };
		A007FD232C7DB7A6007A0A1F /* Recipe.swift */ = {isa = PBXFileReference; lastKnownFileType = sourcecode.swift; path = Recipe.swift; sourceTree = "<group>"; };
		A007FD292C7DB873007A0A1F /* reservationTests.xctest */ = {isa = PBXFileReference; explicitFileType = wrapper.cfbundle; includeInIndex = 0; path = reservationTests.xctest; sourceTree = BUILT_PRODUCTS_DIR; };
		A007FD2B2C7DB873007A0A1F /* reservationTests.swift */ = {isa = PBXFileReference; lastKnownFileType = sourcecode.swift; path = reservationTests.swift; sourceTree = "<group>"; };
/* End PBXFileReference section */

/* Begin PBXFrameworksBuildPhase section */
		A007FD0F2C7DB76B007A0A1F /* Frameworks */ = {
			isa = PBXFrameworksBuildPhase;
			buildActionMask = 2147483647;
			files = (
			);
			runOnlyForDeploymentPostprocessing = 0;
		};
		A007FD262C7DB873007A0A1F /* Frameworks */ = {
			isa = PBXFrameworksBuildPhase;
			buildActionMask = 2147483647;
			files = (
			);
			runOnlyForDeploymentPostprocessing = 0;
		};
/* End PBXFrameworksBuildPhase section */

/* Begin PBXGroup section */
		A007FD092C7DB76B007A0A1F = {
			isa = PBXGroup;
			children = (
				A007FD142C7DB76B007A0A1F /* reservation */,
				A007FD2A2C7DB873007A0A1F /* reservationTests */,
				A007FD132C7DB76B007A0A1F /* Products */,
			);
			sourceTree = "<group>";
		};
		A007FD132C7DB76B007A0A1F /* Products */ = {
			isa = PBXGroup;
			children = (
				A007FD122C7DB76B007A0A1F /* reservation.app */,
				A007FD292C7DB873007A0A1F /* reservationTests.xctest */,
			);
			name = Products;
			sourceTree = "<group>";
		};
		A007FD142C7DB76B007A0A1F /* reservation */ = {
			isa = PBXGroup;
			children = (
				A007FD152C7DB76C007A0A1F /* reservationApp.swift */,
				A007FD172C7DB76C007A0A1F /* ContentView.swift */,
				A007FD232C7DB7A6007A0A1F /* Recipe.swift */,
				A007FD192C7DB76D007A0A1F /* Assets.xcassets */,
				A007FD1B2C7DB76D007A0A1F /* Preview Content */,
			);
			path = reservation;
			sourceTree = "<group>";
		};
		A007FD1B2C7DB76D007A0A1F /* Preview Content */ = {
			isa = PBXGroup;
			children = (
				A007FD1C2C7DB76D007A0A1F /* Preview Assets.xcassets */,
			);
			path = "Preview Content";
			sourceTree = "<group>";
		};
		A007FD2A2C7DB873007A0A1F /* reservationTests */ = {
			isa = PBXGroup;
			children = (
				A007FD2B2C7DB873007A0A1F /* reservationTests.swift */,
			);
			path = reservationTests;
			sourceTree = "<group>";
		};
/* End PBXGroup section */

/* Begin PBXNativeTarget section */
		A007FD112C7DB76B007A0A1F /* reservation */ = {
			isa = PBXNativeTarget;
			buildConfigurationList = A007FD202C7DB76D007A0A1F /* Build configuration list for PBXNativeTarget "reservation" */;
			buildPhases = (
				A007FD0E2C7DB76B007A0A1F /* Sources */,
				A007FD0F2C7DB76B007A0A1F /* Frameworks */,
				A007FD102C7DB76B007A0A1F /* Resources */,
			);
			buildRules = (
			);
			dependencies = (
			);
			name = reservation;
			productName = reservation;
			productReference = A007FD122C7DB76B007A0A1F /* reservation.app */;
			productType = "com.apple.product-type.application";
		};
		A007FD282C7DB873007A0A1F /* reservationTests */ = {
			isa = PBXNativeTarget;
			buildConfigurationList = A007FD2F2C7DB873007A0A1F /* Build configuration list for PBXNativeTarget "reservationTests" */;
			buildPhases = (
				A007FD252C7DB873007A0A1F /* Sources */,
				A007FD262C7DB873007A0A1F /* Frameworks */,
				A007FD272C7DB873007A0A1F /* Resources */,
			);
			buildRules = (
			);
			dependencies = (
				A007FD2E2C7DB873007A0A1F /* PBXTargetDependency */,
			);
			name = reservationTests;
			productName = reservationTests;
			productReference = A007FD292C7DB873007A0A1F /* reservationTests.xctest */;
			productType = "com.apple.product-type.bundle.unit-test";
		};
/* End PBXNativeTarget section */

/* Begin PBXProject section */
		A007FD0A2C7DB76B007A0A1F /* Project object */ = {
			isa = PBXProject;
			attributes = {
				BuildIndependentTargetsInParallel = 1;
				LastSwiftUpdateCheck = 1520;
				LastUpgradeCheck = 1520;
				TargetAttributes = {
					A007FD112C7DB76B007A0A1F = {
						CreatedOnToolsVersion = 15.2;
					};
					A007FD282C7DB873007A0A1F = {
						CreatedOnToolsVersion = 15.2;
						TestTargetID = A007FD112C7DB76B007A0A1F;
					};
				};
			};
			buildConfigurationList = A007FD0D2C7DB76B007A0A1F /* Build configuration list for PBXProject "reservation" */;
			compatibilityVersion = "Xcode 14.0";
			developmentRegion = en;
			hasScannedForEncodings = 0;
			knownRegions = (
				en,
				Base,
			);
			mainGroup = A007FD092C7DB76B007A0A1F;
			productRefGroup = A007FD132C7DB76B007A0A1F /* Products */;
			projectDirPath = "";
			projectRoot = "";
			targets = (
				A007FD112C7DB76B007A0A1F /* reservation */,
				A007FD282C7DB873007A0A1F /* reservationTests */,
			);
		};
/* End PBXProject section */

/* Begin PBXResourcesBuildPhase section */
		A007FD102C7DB76B007A0A1F /* Resources */ = {
			isa = PBXResourcesBuildPhase;
			buildActionMask = 2147483647;
			files = (
				A007FD1D2C7DB76D007A0A1F /* Preview Assets.xcassets in Resources */,
				A007FD1A2C7DB76D007A0A1F /* Assets.xcassets in Resources */,
			);
			runOnlyForDeploymentPostprocessing = 0;
		};
		A007FD272C7DB873007A0A1F /* Resources */ = {
			isa = PBXResourcesBuildPhase;
			buildActionMask = 2147483647;
			files = (
			);
			runOnlyForDeploymentPostprocessing = 0;
		};
/* End PBXResourcesBuildPhase section */

/* Begin PBXSourcesBuildPhase section */
		A007FD0E2C7DB76B007A0A1F /* Sources */ = {
			isa = PBXSourcesBuildPhase;
			buildActionMask = 2147483647;
			files = (
				A007FD242C7DB7A6007A0A1F /* Recipe.swift in Sources */,
				A007FD182C7DB76C007A0A1F /* ContentView.swift in Sources */,
				A007FD162C7DB76C007A0A1F /* reservationApp.swift in Sources */,
			);
			runOnlyForDeploymentPostprocessing = 0;
		};
		A007FD252C7DB873007A0A1F /* Sources */ = {
			isa = PBXSourcesBuildPhase;
			buildActionMask = 2147483647;
			files = (
				A007FD2C2C7DB873007A0A1F /* reservationTests.swift in Sources */,
			);
			runOnlyForDeploymentPostprocessing = 0;
		};
/* End PBXSourcesBuildPhase section */

/* Begin PBXTargetDependency section */
		A007FD2E2C7DB873007A0A1F /* PBXTargetDependency */ = {
			isa = PBXTargetDependency;
			target = A007FD112C7DB76B007A0A1F /* reservation */;
			targetProxy = A007FD2D2C7DB873007A0A1F /* PBXContainerItemProxy */;
		};
/* End PBXTargetDependency section */

/* Begin XCBuildConfiguration section */
		A007FD1E2C7DB76D007A0A1F /* Debug */ = {
			isa = XCBuildConfiguration;
			buildSettings = {
				ALWAYS_SEARCH_USER_PATHS = NO;
				ASSETCATALOG_COMPILER_GENERATE_SWIFT_ASSET_SYMBOL_EXTENSIONS = YES;
				CLANG_ANALYZER_NONNULL = YES;
				CLANG_ANALYZER_NUMBER_OBJECT_CONVERSION = YES_AGGRESSIVE;
				CLANG_CXX_LANGUAGE_STANDARD = "gnu++20";
				CLANG_ENABLE_MODULES = YES;
				CLANG_ENABLE_OBJC_ARC = YES;
				CLANG_ENABLE_OBJC_WEAK = YES;
				CLANG_WARN_BLOCK_CAPTURE_AUTORELEASING = YES;
				CLANG_WARN_BOOL_CONVERSION = YES;
				CLANG_WARN_COMMA = YES;
				CLANG_WARN_CONSTANT_CONVERSION = YES;
				CLANG_WARN_DEPRECATED_OBJC_IMPLEMENTATIONS = YES;
				CLANG_WARN_DIRECT_OBJC_ISA_USAGE = YES_ERROR;
				CLANG_WARN_DOCUMENTATION_COMMENTS = YES;
				CLANG_WARN_EMPTY_BODY = YES;
				CLANG_WARN_ENUM_CONVERSION = YES;
				CLANG_WARN_INFINITE_RECURSION = YES;
				CLANG_WARN_INT_CONVERSION = YES;
				CLANG_WARN_NON_LITERAL_NULL_CONVERSION = YES;
				CLANG_WARN_OBJC_IMPLICIT_RETAIN_SELF = YES;
				CLANG_WARN_OBJC_LITERAL_CONVERSION = YES;
				CLANG_WARN_OBJC_ROOT_CLASS = YES_ERROR;
				CLANG_WARN_QUOTED_INCLUDE_IN_FRAMEWORK_HEADER = YES;
				CLANG_WARN_RANGE_LOOP_ANALYSIS = YES;
				CLANG_WARN_STRICT_PROTOTYPES = YES;
				CLANG_WARN_SUSPICIOUS_MOVE = YES;
				CLANG_WARN_UNGUARDED_AVAILABILITY = YES_AGGRESSIVE;
				CLANG_WARN_UNREACHABLE_CODE = YES;
				CLANG_WARN__DUPLICATE_METHOD_MATCH = YES;
				COPY_PHASE_STRIP = NO;
				DEBUG_INFORMATION_FORMAT = dwarf;
				ENABLE_STRICT_OBJC_MSGSEND = YES;
				ENABLE_TESTABILITY = YES;
				ENABLE_USER_SCRIPT_SANDBOXING = YES;
				GCC_C_LANGUAGE_STANDARD = gnu17;
				GCC_DYNAMIC_NO_PIC = NO;
				GCC_NO_COMMON_BLOCKS = YES;
				GCC_OPTIMIZATION_LEVEL = 0;
				GCC_PREPROCESSOR_DEFINITIONS = (
					"DEBUG=1",
					"$(inherited)",
				);
				GCC_WARN_64_TO_32_BIT_CONVERSION = YES;
				GCC_WARN_ABOUT_RETURN_TYPE = YES_ERROR;
				GCC_WARN_UNDECLARED_SELECTOR = YES;
				GCC_WARN_UNINITIALIZED_AUTOS = YES_AGGRESSIVE;
				GCC_WARN_UNUSED_FUNCTION = YES;
				GCC_WARN_UNUSED_VARIABLE = YES;
				IPHONEOS_DEPLOYMENT_TARGET = 17.2;
				LOCALIZATION_PREFERS_STRING_CATALOGS = YES;
				MTL_ENABLE_DEBUG_INFO = INCLUDE_SOURCE;
				MTL_FAST_MATH = YES;
				ONLY_ACTIVE_ARCH = YES;
				SDKROOT = iphoneos;
				SWIFT_ACTIVE_COMPILATION_CONDITIONS = "DEBUG $(inherited)";
				SWIFT_OPTIMIZATION_LEVEL = "-Onone";
			};
			name = Debug;
		};
		A007FD1F2C7DB76D007A0A1F /* Release */ = {
			isa = XCBuildConfiguration;
			buildSettings = {
				ALWAYS_SEARCH_USER_PATHS = NO;
				ASSETCATALOG_COMPILER_GENERATE_SWIFT_ASSET_SYMBOL_EXTENSIONS = YES;
				CLANG_ANALYZER_NONNULL = YES;
				CLANG_ANALYZER_NUMBER_OBJECT_CONVERSION = YES_AGGRESSIVE;
				CLANG_CXX_LANGUAGE_STANDARD = "gnu++20";
				CLANG_ENABLE_MODULES = YES;
				CLANG_ENABLE_OBJC_ARC = YES;
				CLANG_ENABLE_OBJC_WEAK = YES;
				CLANG_WARN_BLOCK_CAPTURE_AUTORELEASING = YES;
				CLANG_WARN_BOOL_CONVERSION = YES;
				CLANG_WARN_COMMA = YES;
				CLANG_WARN_CONSTANT_CONVERSION = YES;
				CLANG_WARN_DEPRECATED_OBJC_IMPLEMENTATIONS = YES;
				CLANG_WARN_DIRECT_OBJC_ISA_USAGE = YES_ERROR;
				CLANG_WARN_DOCUMENTATION_COMMENTS = YES;
				CLANG_WARN_EMPTY_BODY = YES;
				CLANG_WARN_ENUM_CONVERSION = YES;
				CLANG_WARN_INFINITE_RECURSION = YES;
				CLANG_WARN_INT_CONVERSION = YES;
				CLANG_WARN_NON_LITERAL_NULL_CONVERSION = YES;
				CLANG_WARN_OBJC_IMPLICIT_RETAIN_SELF = YES;
				CLANG_WARN_OBJC_LITERAL_CONVERSION = YES;
				CLANG_WARN_OBJC_ROOT_CLASS = YES_ERROR;
				CLANG_WARN_QUOTED_INCLUDE_IN_FRAMEWORK_HEADER = YES;
				CLANG_WARN_RANGE_LOOP_ANALYSIS = YES;
				CLANG_WARN_STRICT_PROTOTYPES = YES;
				CLANG_WARN_SUSPICIOUS_MOVE = YES;
				CLANG_WARN_UNGUARDED_AVAILABILITY = YES_AGGRESSIVE;
				CLANG_WARN_UNREACHABLE_CODE = YES;
				CLANG_WARN__DUPLICATE_METHOD_MATCH = YES;
				COPY_PHASE_STRIP = NO;
				DEBUG_INFORMATION_FORMAT = "dwarf-with-dsym";
				ENABLE_NS_ASSERTIONS = NO;
				ENABLE_STRICT_OBJC_MSGSEND = YES;
				ENABLE_USER_SCRIPT_SANDBOXING = YES;
				GCC_C_LANGUAGE_STANDARD = gnu17;
				GCC_NO_COMMON_BLOCKS = YES;
				GCC_WARN_64_TO_32_BIT_CONVERSION = YES;
				GCC_WARN_ABOUT_RETURN_TYPE = YES_ERROR;
				GCC_WARN_UNDECLARED_SELECTOR = YES;
				GCC_WARN_UNINITIALIZED_AUTOS = YES_AGGRESSIVE;
				GCC_WARN_UNUSED_FUNCTION = YES;
				GCC_WARN_UNUSED_VARIABLE = YES;
				IPHONEOS_DEPLOYMENT_TARGET = 17.2;
				LOCALIZATION_PREFERS_STRING_CATALOGS = YES;
				MTL_ENABLE_DEBUG_INFO = NO;
				MTL_FAST_MATH = YES;
				SDKROOT = iphoneos;
				SWIFT_COMPILATION_MODE = wholemodule;
				VALIDATE_PRODUCT = YES;
			};
			name = Release;
		};
		A007FD212C7DB76D007A0A1F /* Debug */ = {
			isa = XCBuildConfiguration;
			buildSettings = {
				ASSETCATALOG_COMPILER_APPICON_NAME = AppIcon;
				ASSETCATALOG_COMPILER_GLOBAL_ACCENT_COLOR_NAME = AccentColor;
				CODE_SIGN_STYLE = Automatic;
				CURRENT_PROJECT_VERSION = 1;
				DEVELOPMENT_ASSET_PATHS = "\"reservation/Preview Content\"";
				ENABLE_PREVIEWS = YES;
				GENERATE_INFOPLIST_FILE = YES;
				INFOPLIST_KEY_UIApplicationSceneManifest_Generation = YES;
				INFOPLIST_KEY_UIApplicationSupportsIndirectInputEvents = YES;
				INFOPLIST_KEY_UILaunchScreen_Generation = YES;
				INFOPLIST_KEY_UISupportedInterfaceOrientations_iPad = "UIInterfaceOrientationPortrait UIInterfaceOrientationPortraitUpsideDown UIInterfaceOrientationLandscapeLeft UIInterfaceOrientationLandscapeRight";
				INFOPLIST_KEY_UISupportedInterfaceOrientations_iPhone = "UIInterfaceOrientationPortrait UIInterfaceOrientationLandscapeLeft UIInterfaceOrientationLandscapeRight";
				LD_RUNPATH_SEARCH_PATHS = (
					"$(inherited)",
					"@executable_path/Frameworks",
				);
				MARKETING_VERSION = 1.0;
				PRODUCT_BUNDLE_IDENTIFIER = com.aqeel.swift.reservation;
				PRODUCT_NAME = "$(TARGET_NAME)";
				SWIFT_EMIT_LOC_STRINGS = YES;
				SWIFT_VERSION = 5.0;
				TARGETED_DEVICE_FAMILY = "1,2";
			};
			name = Debug;
		};
		A007FD222C7DB76D007A0A1F /* Release */ = {
			isa = XCBuildConfiguration;
			buildSettings = {
				ASSETCATALOG_COMPILER_APPICON_NAME = AppIcon;
				ASSETCATALOG_COMPILER_GLOBAL_ACCENT_COLOR_NAME = AccentColor;
				CODE_SIGN_STYLE = Automatic;
				CURRENT_PROJECT_VERSION = 1;
				DEVELOPMENT_ASSET_PATHS = "\"reservation/Preview Content\"";
				ENABLE_PREVIEWS = YES;
				GENERATE_INFOPLIST_FILE = YES;
				INFOPLIST_KEY_UIApplicationSceneManifest_Generation = YES;
				INFOPLIST_KEY_UIApplicationSupportsIndirectInputEvents = YES;
				INFOPLIST_KEY_UILaunchScreen_Generation = YES;
				INFOPLIST_KEY_UISupportedInterfaceOrientations_iPad = "UIInterfaceOrientationPortrait UIInterfaceOrientationPortraitUpsideDown UIInterfaceOrientationLandscapeLeft UIInterfaceOrientationLandscapeRight";
				INFOPLIST_KEY_UISupportedInterfaceOrientations_iPhone = "UIInterfaceOrientationPortrait UIInterfaceOrientationLandscapeLeft UIInterfaceOrientationLandscapeRight";
				LD_RUNPATH_SEARCH_PATHS = (
					"$(inherited)",
					"@executable_path/Frameworks",
				);
				MARKETING_VERSION = 1.0;
				PRODUCT_BUNDLE_IDENTIFIER = com.aqeel.swift.reservation;
				PRODUCT_NAME = "$(TARGET_NAME)";
				SWIFT_EMIT_LOC_STRINGS = YES;
				SWIFT_VERSION = 5.0;
				TARGETED_DEVICE_FAMILY = "1,2";
			};
			name = Release;
		};
		A007FD302C7DB873007A0A1F /* Debug */ = {
			isa = XCBuildConfiguration;
			buildSettings = {
				BUNDLE_LOADER = "$(TEST_HOST)";
				CODE_SIGN_STYLE = Automatic;
				CURRENT_PROJECT_VERSION = 1;
				GENERATE_INFOPLIST_FILE = YES;
				MARKETING_VERSION = 1.0;
				PRODUCT_BUNDLE_IDENTIFIER = com.aqeel.swift.reservationTests;
				PRODUCT_NAME = "$(TARGET_NAME)";
				SWIFT_EMIT_LOC_STRINGS = NO;
				SWIFT_VERSION = 5.0;
				TARGETED_DEVICE_FAMILY = "1,2";
				TEST_HOST = "$(BUILT_PRODUCTS_DIR)/reservation.app/$(BUNDLE_EXECUTABLE_FOLDER_PATH)/reservation";
			};
			name = Debug;
		};
		A007FD312C7DB873007A0A1F /* Release */ = {
			isa = XCBuildConfiguration;
			buildSettings = {
				BUNDLE_LOADER = "$(TEST_HOST)";
				CODE_SIGN_STYLE = Automatic;
				CURRENT_PROJECT_VERSION = 1;
				GENERATE_INFOPLIST_FILE = YES;
				MARKETING_VERSION = 1.0;
				PRODUCT_BUNDLE_IDENTIFIER = com.aqeel.swift.reservationTests;
				PRODUCT_NAME = "$(TARGET_NAME)";
				SWIFT_EMIT_LOC_STRINGS = NO;
				SWIFT_VERSION = 5.0;
				TARGETED_DEVICE_FAMILY = "1,2";
				TEST_HOST = "$(BUILT_PRODUCTS_DIR)/reservation.app/$(BUNDLE_EXECUTABLE_FOLDER_PATH)/reservation";
			};
			name = Release;
		};
/* End XCBuildConfiguration section */

/* Begin XCConfigurationList section */
		A007FD0D2C7DB76B007A0A1F /* Build configuration list for PBXProject "reservation" */ = {
			isa = XCConfigurationList;
			buildConfigurations = (
				A007FD1E2C7DB76D007A0A1F /* Debug */,
				A007FD1F2C7DB76D007A0A1F /* Release */,
			);
			defaultConfigurationIsVisible = 0;
			defaultConfigurationName = Release;
		};
		A007FD202C7DB76D007A0A1F /* Build configuration list for PBXNativeTarget "reservation" */ = {
			isa = XCConfigurationList;
			buildConfigurations = (
				A007FD212C7DB76D007A0A1F /* Debug */,
				A007FD222C7DB76D007A0A1F /* Release */,
			);
			defaultConfigurationIsVisible = 0;
			defaultConfigurationName = Release;
		};
		A007FD2F2C7DB873007A0A1F /* Build configuration list for PBXNativeTarget "reservationTests" */ = {
			isa = XCConfigurationList;
			buildConfigurations = (
				A007FD302C7DB873007A0A1F /* Debug */,
				A007FD312C7DB873007A0A1F /* Release */,
			);
			defaultConfigurationIsVisible = 0;
			defaultConfigurationName = Release;
		};
/* End XCConfigurationList section */
	};
	rootObject = A007FD0A2C7DB76B007A0A1F /* Project object */;
}
